
Microsoft Visual Studio Solution File, Format Version 12.00
# Visual Studio Version 16
VisualStudioVersion = 16.0.810.8
MinimumVisualStudioVersion = 10.0.40219.1
Project("{FAE04EC0-301F-11D3-BF4B-00C04F79EFBC}") = "vaistelypeli", "vaistelypeli\vaistelypeli.csproj", "{18F8D237-EE9F-4772-B4C1-DB40F8CD14D4}"
EndProject
Global
	GlobalSection(SolutionConfigurationPlatforms) = preSolution
		Debug|Any CPU = Debug|Any CPU
		Release|Any CPU = Release|Any CPU
	EndGlobalSection
	GlobalSection(ProjectConfigurationPlatforms) = postSolution
		{18F8D237-EE9F-4772-B4C1-DB40F8CD14D4}.Debug|Any CPU.ActiveCfg = Debug|Any CPU
		{18F8D237-EE9F-4772-B4C1-DB40F8CD14D4}.Debug|Any CPU.Build.0 = Debug|Any CPU
		{18F8D237-EE9F-4772-B4C1-DB40F8CD14D4}.Release|Any CPU.ActiveCfg = Release|Any CPU
		{18F8D237-EE9F-4772-B4C1-DB40F8CD14D4}.Release|Any CPU.Build.0 = Release|Any CPU
	EndGlobalSection
	GlobalSection(SolutionProperties) = preSolution
		HideSolutionNode = FALSE
	EndGlobalSection
	GlobalSection(ExtensibilityGlobals) = postSolution
		SolutionGuid = {1E0BDC76-2B59-4401-AFDD-011BD2D84C19}
	EndGlobalSection
EndGlobal
